
Microsoft Visual Studio Solution File, Format Version 12.00
# Visual Studio Version 17
VisualStudioVersion = 17.0.31912.275
MinimumVisualStudioVersion = 10.0.40219.1
Project("{FAE04EC0-301F-11D3-BF4B-00C04F79EFBC}") = "FirstWebApplication", "FirstWebApplication\FirstWebApplication.csproj", "{98DB3090-A07E-4C57-BC97-96B7D03EBC0F}"
EndProject
Global
	GlobalSection(SolutionConfigurationPlatforms) = preSolution
		Debug|Any CPU = Debug|Any CPU
		Release|Any CPU = Release|Any CPU
	EndGlobalSection
	GlobalSection(ProjectConfigurationPlatforms) = postSolution
		{98DB3090-A07E-4C57-BC97-96B7D03EBC0F}.Debug|Any CPU.ActiveCfg = Debug|Any CPU
		{98DB3090-A07E-4C57-BC97-96B7D03EBC0F}.Debug|Any CPU.Build.0 = Debug|Any CPU
		{98DB3090-A07E-4C57-BC97-96B7D03EBC0F}.Release|Any CPU.ActiveCfg = Release|Any CPU
		{98DB3090-A07E-4C57-BC97-96B7D03EBC0F}.Release|Any CPU.Build.0 = Release|Any CPU
	EndGlobalSection
	GlobalSection(SolutionProperties) = preSolution
		HideSolutionNode = FALSE
	EndGlobalSection
	GlobalSection(ExtensibilityGlobals) = postSolution
		SolutionGuid = {42285BB9-E4E2-49BC-AF72-35271E06E783}
	EndGlobalSection
EndGlobal
